// !$*UTF8*$!
{
	archiveVersion = 1;
	classes = {
	};
	objectVersion = 50;
	objects = {

/* Begin PBXBuildFile section */
		52963B6D259BB46600396DB3 /* AppDelegate.swift in Sources */ = {isa = PBXBuildFile; fileRef = 52963B6C259BB46600396DB3 /* AppDelegate.swift */; };
		52963B6F259BB46600396DB3 /* SceneDelegate.swift in Sources */ = {isa = PBXBuildFile; fileRef = 52963B6E259BB46600396DB3 /* SceneDelegate.swift */; };
		52963B74259BB46600396DB3 /* Main.storyboard in Resources */ = {isa = PBXBuildFile; fileRef = 52963B72259BB46600396DB3 /* Main.storyboard */; };
		52963B76259BB46800396DB3 /* Assets.xcassets in Resources */ = {isa = PBXBuildFile; fileRef = 52963B75259BB46800396DB3 /* Assets.xcassets */; };
		52963B79259BB46800396DB3 /* LaunchScreen.storyboard in Resources */ = {isa = PBXBuildFile; fileRef = 52963B77259BB46800396DB3 /* LaunchScreen.storyboard */; };
		52963B89259BB4FD00396DB3 /* UIView+Autolayout.swift in Sources */ = {isa = PBXBuildFile; fileRef = 52963B88259BB4FD00396DB3 /* UIView+Autolayout.swift */; };
		52963B8D259BB51A00396DB3 /* WeatherConditionImage.swift in Sources */ = {isa = PBXBuildFile; fileRef = 52963B8C259BB51A00396DB3 /* WeatherConditionImage.swift */; };
		52963B90259BB53600396DB3 /* CityWeather.swift in Sources */ = {isa = PBXBuildFile; fileRef = 52963B8F259BB53600396DB3 /* CityWeather.swift */; };
		52963B93259BB5E900396DB3 /* CityWeatherViewController.swift in Sources */ = {isa = PBXBuildFile; fileRef = 52963B92259BB5E900396DB3 /* CityWeatherViewController.swift */; };
		52963B96259BB60D00396DB3 /* CityWeatherViewModel.swift in Sources */ = {isa = PBXBuildFile; fileRef = 52963B95259BB60D00396DB3 /* CityWeatherViewModel.swift */; };
		52963B99259BB62F00396DB3 /* DailyForecastViewModel.swift in Sources */ = {isa = PBXBuildFile; fileRef = 52963B98259BB62F00396DB3 /* DailyForecastViewModel.swift */; };
		52963B9C259BB65400396DB3 /* HourlyForecastViewModel.swift in Sources */ = {isa = PBXBuildFile; fileRef = 52963B9B259BB65400396DB3 /* HourlyForecastViewModel.swift */; };
		52963B9F259BB66C00396DB3 /* CityWeatherLayout.swift in Sources */ = {isa = PBXBuildFile; fileRef = 52963B9E259BB66C00396DB3 /* CityWeatherLayout.swift */; };
		52963BA2259BB68800396DB3 /* ContentCell.swift in Sources */ = {isa = PBXBuildFile; fileRef = 52963BA1259BB68800396DB3 /* ContentCell.swift */; };
		52963BA5259BB69F00396DB3 /* DailyWeatherCell.swift in Sources */ = {isa = PBXBuildFile; fileRef = 52963BA4259BB69F00396DB3 /* DailyWeatherCell.swift */; };
		52963BA8259BB6B600396DB3 /* CurrentWeatherCell.swift in Sources */ = {isa = PBXBuildFile; fileRef = 52963BA7259BB6B600396DB3 /* CurrentWeatherCell.swift */; };
		52963BAB259BB6DC00396DB3 /* HourlyWeatherCell.swift in Sources */ = {isa = PBXBuildFile; fileRef = 52963BAA259BB6DC00396DB3 /* HourlyWeatherCell.swift */; };
		52963BAE259BB6EA00396DB3 /* SectionSeparatorView.swift in Sources */ = {isa = PBXBuildFile; fileRef = 52963BAD259BB6EA00396DB3 /* SectionSeparatorView.swift */; };
		52963BB1259BB71800396DB3 /* MyCitiesLayout.swift in Sources */ = {isa = PBXBuildFile; fileRef = 52963BB0259BB71800396DB3 /* MyCitiesLayout.swift */; };
		52963BB4259BB72F00396DB3 /* MyCitiesViewController.swift in Sources */ = {isa = PBXBuildFile; fileRef = 52963BB3259BB72F00396DB3 /* MyCitiesViewController.swift */; };
		52963BB7259BB75500396DB3 /* MyCitiesViewModel.swift in Sources */ = {isa = PBXBuildFile; fileRef = 52963BB6259BB75500396DB3 /* MyCitiesViewModel.swift */; };
		52963BBB259BB77800396DB3 /* CityCell.swift in Sources */ = {isa = PBXBuildFile; fileRef = 52963BBA259BB77800396DB3 /* CityCell.swift */; };
		52963BBE259BB78F00396DB3 /* CityViewModel.swift in Sources */ = {isa = PBXBuildFile; fileRef = 52963BBD259BB78F00396DB3 /* CityViewModel.swift */; };
		52963BC1259BB7AF00396DB3 /* AddCityViewController.swift in Sources */ = {isa = PBXBuildFile; fileRef = 52963BC0259BB7AF00396DB3 /* AddCityViewController.swift */; };
		52963BC4259BB7CB00396DB3 /* AddCityViewModel.swift in Sources */ = {isa = PBXBuildFile; fileRef = 52963BC3259BB7CB00396DB3 /* AddCityViewModel.swift */; };
		52963BC7259BB7F500396DB3 /* World.swift in Sources */ = {isa = PBXBuildFile; fileRef = 52963BC6259BB7F500396DB3 /* World.swift */; };
		52963BCA259BB88E00396DB3 /* AppState.swift in Sources */ = {isa = PBXBuildFile; fileRef = 52963BC9259BB88E00396DB3 /* AppState.swift */; };
		52963BCE259BB8A700396DB3 /* WeatherManager.swift in Sources */ = {isa = PBXBuildFile; fileRef = 52963BCD259BB8A700396DB3 /* WeatherManager.swift */; };
		52963BD1259BB8E700396DB3 /* GradientView.swift in Sources */ = {isa = PBXBuildFile; fileRef = 52963BD0259BB8E700396DB3 /* GradientView.swift */; };
		52963BDB259BBAA700396DB3 /* TimedCache.swift in Sources */ = {isa = PBXBuildFile; fileRef = 52963BDA259BBAA700396DB3 /* TimedCache.swift */; };
		52963BDF259BBAC200396DB3 /* CitiesStore.swift in Sources */ = {isa = PBXBuildFile; fileRef = 52963BDE259BBAC200396DB3 /* CitiesStore.swift */; };
		52963BE2259BBAE400396DB3 /* OpenWeatherMapAPIClient.swift in Sources */ = {isa = PBXBuildFile; fileRef = 52963BE1259BBAE400396DB3 /* OpenWeatherMapAPIClient.swift */; };
		52963BE5259BBB0400396DB3 /* City.swift in Sources */ = {isa = PBXBuildFile; fileRef = 52963BE4259BBB0400396DB3 /* City.swift */; };
		52963BE8259BBB1E00396DB3 /* OneCallResult.swift in Sources */ = {isa = PBXBuildFile; fileRef = 52963BE7259BBB1E00396DB3 /* OneCallResult.swift */; };
		52963BEB259BBB4800396DB3 /* WeatherMetrics.swift in Sources */ = {isa = PBXBuildFile; fileRef = 52963BEA259BBB4800396DB3 /* WeatherMetrics.swift */; };
		52963BEE259BBB5F00396DB3 /* WeatherConditionCode.swift in Sources */ = {isa = PBXBuildFile; fileRef = 52963BED259BBB5F00396DB3 /* WeatherConditionCode.swift */; };
		52963BF1259BBB8400396DB3 /* URLHelpers.swift in Sources */ = {isa = PBXBuildFile; fileRef = 52963BF0259BBB8400396DB3 /* URLHelpers.swift */; };
		52963BF4259BBB9C00396DB3 /* Combine+HTTP.swift in Sources */ = {isa = PBXBuildFile; fileRef = 52963BF3259BBB9C00396DB3 /* Combine+HTTP.swift */; };
/* End PBXBuildFile section */

/* Begin PBXFileReference section */
		52963B69259BB46600396DB3 /* WeatherApp.app */ = {isa = PBXFileReference; explicitFileType = wrapper.application; includeInIndex = 0; path = WeatherApp.app; sourceTree = BUILT_PRODUCTS_DIR; };
		52963B6C259BB46600396DB3 /* AppDelegate.swift */ = {isa = PBXFileReference; lastKnownFileType = sourcecode.swift; path = AppDelegate.swift; sourceTree = "<group>"; };
		52963B6E259BB46600396DB3 /* SceneDelegate.swift */ = {isa = PBXFileReference; lastKnownFileType = sourcecode.swift; path = SceneDelegate.swift; sourceTree = "<group>"; };
		52963B73259BB46600396DB3 /* Base */ = {isa = PBXFileReference; lastKnownFileType = file.storyboard; name = Base; path = Base.lproj/Main.storyboard; sourceTree = "<group>"; };
		52963B75259BB46800396DB3 /* Assets.xcassets */ = {isa = PBXFileReference; lastKnownFileType = folder.assetcatalog; path = Assets.xcassets; sourceTree = "<group>"; };
		52963B78259BB46800396DB3 /* Base */ = {isa = PBXFileReference; lastKnownFileType = file.storyboard; name = Base; path = Base.lproj/LaunchScreen.storyboard; sourceTree = "<group>"; };
		52963B7A259BB46800396DB3 /* Info.plist */ = {isa = PBXFileReference; lastKnownFileType = text.plist.xml; path = Info.plist; sourceTree = "<group>"; };
		52963B87259BB4DC00396DB3 /* Secrets.xcconfig */ = {isa = PBXFileReference; lastKnownFileType = text.xcconfig; path = Secrets.xcconfig; sourceTree = "<group>"; };
		52963B88259BB4FD00396DB3 /* UIView+Autolayout.swift */ = {isa = PBXFileReference; lastKnownFileType = sourcecode.swift; path = "UIView+Autolayout.swift"; sourceTree = "<group>"; };
		52963B8C259BB51A00396DB3 /* WeatherConditionImage.swift */ = {isa = PBXFileReference; lastKnownFileType = sourcecode.swift; path = WeatherConditionImage.swift; sourceTree = "<group>"; };
		52963B8F259BB53600396DB3 /* CityWeather.swift */ = {isa = PBXFileReference; lastKnownFileType = sourcecode.swift; path = CityWeather.swift; sourceTree = "<group>"; };
		52963B92259BB5E900396DB3 /* CityWeatherViewController.swift */ = {isa = PBXFileReference; lastKnownFileType = sourcecode.swift; path = CityWeatherViewController.swift; sourceTree = "<group>"; };
		52963B95259BB60D00396DB3 /* CityWeatherViewModel.swift */ = {isa = PBXFileReference; lastKnownFileType = sourcecode.swift; path = CityWeatherViewModel.swift; sourceTree = "<group>"; };
		52963B98259BB62F00396DB3 /* DailyForecastViewModel.swift */ = {isa = PBXFileReference; lastKnownFileType = sourcecode.swift; path = DailyForecastViewModel.swift; sourceTree = "<group>"; };
		52963B9B259BB65400396DB3 /* HourlyForecastViewModel.swift */ = {isa = PBXFileReference; lastKnownFileType = sourcecode.swift; path = HourlyForecastViewModel.swift; sourceTree = "<group>"; };
		52963B9E259BB66C00396DB3 /* CityWeatherLayout.swift */ = {isa = PBXFileReference; lastKnownFileType = sourcecode.swift; path = CityWeatherLayout.swift; sourceTree = "<group>"; };
		52963BA1259BB68800396DB3 /* ContentCell.swift */ = {isa = PBXFileReference; lastKnownFileType = sourcecode.swift; path = ContentCell.swift; sourceTree = "<group>"; };
		52963BA4259BB69F00396DB3 /* DailyWeatherCell.swift */ = {isa = PBXFileReference; lastKnownFileType = sourcecode.swift; path = DailyWeatherCell.swift; sourceTree = "<group>"; };
		52963BA7259BB6B600396DB3 /* CurrentWeatherCell.swift */ = {isa = PBXFileReference; lastKnownFileType = sourcecode.swift; path = CurrentWeatherCell.swift; sourceTree = "<group>"; };
		52963BAA259BB6DC00396DB3 /* HourlyWeatherCell.swift */ = {isa = PBXFileReference; lastKnownFileType = sourcecode.swift; path = HourlyWeatherCell.swift; sourceTree = "<group>"; };
		52963BAD259BB6EA00396DB3 /* SectionSeparatorView.swift */ = {isa = PBXFileReference; lastKnownFileType = sourcecode.swift; path = SectionSeparatorView.swift; sourceTree = "<group>"; };
		52963BB0259BB71800396DB3 /* MyCitiesLayout.swift */ = {isa = PBXFileReference; lastKnownFileType = sourcecode.swift; path = MyCitiesLayout.swift; sourceTree = "<group>"; };
		52963BB3259BB72F00396DB3 /* MyCitiesViewController.swift */ = {isa = PBXFileReference; lastKnownFileType = sourcecode.swift; path = MyCitiesViewController.swift; sourceTree = "<group>"; };
		52963BB6259BB75500396DB3 /* MyCitiesViewModel.swift */ = {isa = PBXFileReference; lastKnownFileType = sourcecode.swift; path = MyCitiesViewModel.swift; sourceTree = "<group>"; };
		52963BBA259BB77800396DB3 /* CityCell.swift */ = {isa = PBXFileReference; lastKnownFileType = sourcecode.swift; path = CityCell.swift; sourceTree = "<group>"; };
		52963BBD259BB78F00396DB3 /* CityViewModel.swift */ = {isa = PBXFileReference; lastKnownFileType = sourcecode.swift; path = CityViewModel.swift; sourceTree = "<group>"; };
		52963BC0259BB7AF00396DB3 /* AddCityViewController.swift */ = {isa = PBXFileReference; lastKnownFileType = sourcecode.swift; path = AddCityViewController.swift; sourceTree = "<group>"; };
		52963BC3259BB7CB00396DB3 /* AddCityViewModel.swift */ = {isa = PBXFileReference; lastKnownFileType = sourcecode.swift; path = AddCityViewModel.swift; sourceTree = "<group>"; };
		52963BC6259BB7F500396DB3 /* World.swift */ = {isa = PBXFileReference; lastKnownFileType = sourcecode.swift; path = World.swift; sourceTree = "<group>"; };
		52963BC9259BB88E00396DB3 /* AppState.swift */ = {isa = PBXFileReference; lastKnownFileType = sourcecode.swift; path = AppState.swift; sourceTree = "<group>"; };
		52963BCD259BB8A700396DB3 /* WeatherManager.swift */ = {isa = PBXFileReference; lastKnownFileType = sourcecode.swift; path = WeatherManager.swift; sourceTree = "<group>"; };
		52963BD0259BB8E700396DB3 /* GradientView.swift */ = {isa = PBXFileReference; lastKnownFileType = sourcecode.swift; path = GradientView.swift; sourceTree = "<group>"; };
		52963BDA259BBAA700396DB3 /* TimedCache.swift */ = {isa = PBXFileReference; lastKnownFileType = sourcecode.swift; path = TimedCache.swift; sourceTree = "<group>"; };
		52963BDE259BBAC200396DB3 /* CitiesStore.swift */ = {isa = PBXFileReference; lastKnownFileType = sourcecode.swift; path = CitiesStore.swift; sourceTree = "<group>"; };
		52963BE1259BBAE400396DB3 /* OpenWeatherMapAPIClient.swift */ = {isa = PBXFileReference; lastKnownFileType = sourcecode.swift; path = OpenWeatherMapAPIClient.swift; sourceTree = "<group>"; };
		52963BE4259BBB0400396DB3 /* City.swift */ = {isa = PBXFileReference; lastKnownFileType = sourcecode.swift; path = City.swift; sourceTree = "<group>"; };
		52963BE7259BBB1E00396DB3 /* OneCallResult.swift */ = {isa = PBXFileReference; lastKnownFileType = sourcecode.swift; path = OneCallResult.swift; sourceTree = "<group>"; };
		52963BEA259BBB4800396DB3 /* WeatherMetrics.swift */ = {isa = PBXFileReference; lastKnownFileType = sourcecode.swift; path = WeatherMetrics.swift; sourceTree = "<group>"; };
		52963BED259BBB5F00396DB3 /* WeatherConditionCode.swift */ = {isa = PBXFileReference; lastKnownFileType = sourcecode.swift; path = WeatherConditionCode.swift; sourceTree = "<group>"; };
		52963BF0259BBB8400396DB3 /* URLHelpers.swift */ = {isa = PBXFileReference; lastKnownFileType = sourcecode.swift; path = URLHelpers.swift; sourceTree = "<group>"; };
		52963BF3259BBB9C00396DB3 /* Combine+HTTP.swift */ = {isa = PBXFileReference; lastKnownFileType = sourcecode.swift; path = "Combine+HTTP.swift"; sourceTree = "<group>"; };
/* End PBXFileReference section */

/* Begin PBXFrameworksBuildPhase section */
		52963B66259BB46600396DB3 /* Frameworks */ = {
			isa = PBXFrameworksBuildPhase;
			buildActionMask = 2147483647;
			files = (
			);
			runOnlyForDeploymentPostprocessing = 0;
		};
/* End PBXFrameworksBuildPhase section */

/* Begin PBXGroup section */
		52963B60259BB46600396DB3 = {
			isa = PBXGroup;
			children = (
				52963B81259BB47100396DB3 /* Configuration */,
				52963B6B259BB46600396DB3 /* WeatherApp */,
				52963B6A259BB46600396DB3 /* Products */,
			);
			sourceTree = "<group>";
		};
		52963B6A259BB46600396DB3 /* Products */ = {
			isa = PBXGroup;
			children = (
				52963B69259BB46600396DB3 /* WeatherApp.app */,
			);
			name = Products;
			sourceTree = "<group>";
		};
		52963B6B259BB46600396DB3 /* WeatherApp */ = {
			isa = PBXGroup;
			children = (
				52963B82259BB47F00396DB3 /* Helpers */,
				52963B83259BB48400396DB3 /* Models */,
				52963B84259BB48D00396DB3 /* City Weather */,
				52963B85259BB49B00396DB3 /* My Cities */,
				52963B86259BB4AB00396DB3 /* Add City */,
				52963BD4259BBA5600396DB3 /* WeatherKit */,
				52963BC6259BB7F500396DB3 /* World.swift */,
				52963B6C259BB46600396DB3 /* AppDelegate.swift */,
				52963BC9259BB88E00396DB3 /* AppState.swift */,
				52963BCD259BB8A700396DB3 /* WeatherManager.swift */,
				52963B6E259BB46600396DB3 /* SceneDelegate.swift */,
				52963BD0259BB8E700396DB3 /* GradientView.swift */,
				52963B72259BB46600396DB3 /* Main.storyboard */,
				52963B75259BB46800396DB3 /* Assets.xcassets */,
				52963B77259BB46800396DB3 /* LaunchScreen.storyboard */,
				52963B7A259BB46800396DB3 /* Info.plist */,
			);
			path = WeatherApp;
			sourceTree = "<group>";
		};
		52963B81259BB47100396DB3 /* Configuration */ = {
			isa = PBXGroup;
			children = (
				52963B87259BB4DC00396DB3 /* Secrets.xcconfig */,
			);
			path = Configuration;
			sourceTree = "<group>";
		};
		52963B82259BB47F00396DB3 /* Helpers */ = {
			isa = PBXGroup;
			children = (
				52963B88259BB4FD00396DB3 /* UIView+Autolayout.swift */,
				52963B8C259BB51A00396DB3 /* WeatherConditionImage.swift */,
			);
			path = Helpers;
			sourceTree = "<group>";
		};
		52963B83259BB48400396DB3 /* Models */ = {
			isa = PBXGroup;
			children = (
				52963B8F259BB53600396DB3 /* CityWeather.swift */,
			);
			path = Models;
			sourceTree = "<group>";
		};
		52963B84259BB48D00396DB3 /* City Weather */ = {
			isa = PBXGroup;
			children = (
				52963B92259BB5E900396DB3 /* CityWeatherViewController.swift */,
				52963B95259BB60D00396DB3 /* CityWeatherViewModel.swift */,
				52963B98259BB62F00396DB3 /* DailyForecastViewModel.swift */,
				52963B9B259BB65400396DB3 /* HourlyForecastViewModel.swift */,
				52963B9E259BB66C00396DB3 /* CityWeatherLayout.swift */,
				52963BA1259BB68800396DB3 /* ContentCell.swift */,
				52963BA4259BB69F00396DB3 /* DailyWeatherCell.swift */,
				52963BA7259BB6B600396DB3 /* CurrentWeatherCell.swift */,
				52963BAA259BB6DC00396DB3 /* HourlyWeatherCell.swift */,
				52963BAD259BB6EA00396DB3 /* SectionSeparatorView.swift */,
			);
			path = "City Weather";
			sourceTree = "<group>";
		};
		52963B85259BB49B00396DB3 /* My Cities */ = {
			isa = PBXGroup;
			children = (
				52963BB0259BB71800396DB3 /* MyCitiesLayout.swift */,
				52963BB3259BB72F00396DB3 /* MyCitiesViewController.swift */,
				52963BB6259BB75500396DB3 /* MyCitiesViewModel.swift */,
				52963BBA259BB77800396DB3 /* CityCell.swift */,
				52963BBD259BB78F00396DB3 /* CityViewModel.swift */,
			);
			path = "My Cities";
			sourceTree = "<group>";
		};
		52963B86259BB4AB00396DB3 /* Add City */ = {
			isa = PBXGroup;
			children = (
				52963BC0259BB7AF00396DB3 /* AddCityViewController.swift */,
				52963BC3259BB7CB00396DB3 /* AddCityViewModel.swift */,
			);
			path = "Add City";
			sourceTree = "<group>";
		};
		52963BD4259BBA5600396DB3 /* WeatherKit */ = {
			isa = PBXGroup;
			children = (
				52963BD5259BBA6D00396DB3 /* Cache */,
				52963BD9259BBA8900396DB3 /* Stores */,
				52963BD8259BBA8300396DB3 /* API */,
				52963BD7259BBA7C00396DB3 /* Models */,
				52963BD6259BBA7400396DB3 /* Helpers */,
			);
			path = WeatherKit;
			sourceTree = "<group>";
		};
		52963BD5259BBA6D00396DB3 /* Cache */ = {
			isa = PBXGroup;
			children = (
				52963BDA259BBAA700396DB3 /* TimedCache.swift */,
			);
			path = Cache;
			sourceTree = "<group>";
		};
		52963BD6259BBA7400396DB3 /* Helpers */ = {
			isa = PBXGroup;
			children = (
				52963BF0259BBB8400396DB3 /* URLHelpers.swift */,
				52963BF3259BBB9C00396DB3 /* Combine+HTTP.swift */,
			);
			path = Helpers;
			sourceTree = "<group>";
		};
		52963BD7259BBA7C00396DB3 /* Models */ = {
			isa = PBXGroup;
			children = (
				52963BE4259BBB0400396DB3 /* City.swift */,
				52963BE7259BBB1E00396DB3 /* OneCallResult.swift */,
				52963BEA259BBB4800396DB3 /* WeatherMetrics.swift */,
				52963BED259BBB5F00396DB3 /* WeatherConditionCode.swift */,
			);
			path = Models;
			sourceTree = "<group>";
		};
		52963BD8259BBA8300396DB3 /* API */ = {
			isa = PBXGroup;
			children = (
				52963BE1259BBAE400396DB3 /* OpenWeatherMapAPIClient.swift */,
			);
			path = API;
			sourceTree = "<group>";
		};
		52963BD9259BBA8900396DB3 /* Stores */ = {
			isa = PBXGroup;
			children = (
				52963BDE259BBAC200396DB3 /* CitiesStore.swift */,
			);
			path = Stores;
			sourceTree = "<group>";
		};
/* End PBXGroup section */

/* Begin PBXNativeTarget section */
		52963B68259BB46600396DB3 /* WeatherApp */ = {
			isa = PBXNativeTarget;
			buildConfigurationList = 52963B7D259BB46800396DB3 /* Build configuration list for PBXNativeTarget "WeatherApp" */;
			buildPhases = (
				52963B65259BB46600396DB3 /* Sources */,
				52963B66259BB46600396DB3 /* Frameworks */,
				52963B67259BB46600396DB3 /* Resources */,
			);
			buildRules = (
			);
			dependencies = (
			);
			name = WeatherApp;
			productName = WeatherApp;
			productReference = 52963B69259BB46600396DB3 /* WeatherApp.app */;
			productType = "com.apple.product-type.application";
		};
/* End PBXNativeTarget section */

/* Begin PBXProject section */
		52963B61259BB46600396DB3 /* Project object */ = {
			isa = PBXProject;
			attributes = {
				LastSwiftUpdateCheck = 1200;
				LastUpgradeCheck = 1200;
				TargetAttributes = {
					52963B68259BB46600396DB3 = {
						CreatedOnToolsVersion = 12.0;
					};
				};
			};
			buildConfigurationList = 52963B64259BB46600396DB3 /* Build configuration list for PBXProject "WeatherApp" */;
			compatibilityVersion = "Xcode 9.3";
			developmentRegion = en;
			hasScannedForEncodings = 0;
			knownRegions = (
				en,
				Base,
			);
			mainGroup = 52963B60259BB46600396DB3;
			productRefGroup = 52963B6A259BB46600396DB3 /* Products */;
			projectDirPath = "";
			projectRoot = "";
			targets = (
				52963B68259BB46600396DB3 /* WeatherApp */,
			);
		};
/* End PBXProject section */

/* Begin PBXResourcesBuildPhase section */
		52963B67259BB46600396DB3 /* Resources */ = {
			isa = PBXResourcesBuildPhase;
			buildActionMask = 2147483647;
			files = (
				52963B79259BB46800396DB3 /* LaunchScreen.storyboard in Resources */,
				52963B76259BB46800396DB3 /* Assets.xcassets in Resources */,
				52963B74259BB46600396DB3 /* Main.storyboard in Resources */,
			);
			runOnlyForDeploymentPostprocessing = 0;
		};
/* End PBXResourcesBuildPhase section */

/* Begin PBXSourcesBuildPhase section */
		52963B65259BB46600396DB3 /* Sources */ = {
			isa = PBXSourcesBuildPhase;
			buildActionMask = 2147483647;
			files = (
				52963BB1259BB71800396DB3 /* MyCitiesLayout.swift in Sources */,
				52963BE2259BBAE400396DB3 /* OpenWeatherMapAPIClient.swift in Sources */,
				52963B9C259BB65400396DB3 /* HourlyForecastViewModel.swift in Sources */,
				52963BBB259BB77800396DB3 /* CityCell.swift in Sources */,
				52963BAB259BB6DC00396DB3 /* HourlyWeatherCell.swift in Sources */,
				52963BCE259BB8A700396DB3 /* WeatherManager.swift in Sources */,
				52963BB4259BB72F00396DB3 /* MyCitiesViewController.swift in Sources */,
				52963BF4259BBB9C00396DB3 /* Combine+HTTP.swift in Sources */,
				52963BDF259BBAC200396DB3 /* CitiesStore.swift in Sources */,
				52963BC7259BB7F500396DB3 /* World.swift in Sources */,
				52963BD1259BB8E700396DB3 /* GradientView.swift in Sources */,
				52963BE8259BBB1E00396DB3 /* OneCallResult.swift in Sources */,
				52963B8D259BB51A00396DB3 /* WeatherConditionImage.swift in Sources */,
				52963BC1259BB7AF00396DB3 /* AddCityViewController.swift in Sources */,
				52963BA2259BB68800396DB3 /* ContentCell.swift in Sources */,
				52963B96259BB60D00396DB3 /* CityWeatherViewModel.swift in Sources */,
				52963BC4259BB7CB00396DB3 /* AddCityViewModel.swift in Sources */,
				52963BAE259BB6EA00396DB3 /* SectionSeparatorView.swift in Sources */,
				52963BA5259BB69F00396DB3 /* DailyWeatherCell.swift in Sources */,
				52963BEE259BBB5F00396DB3 /* WeatherConditionCode.swift in Sources */,
				52963B89259BB4FD00396DB3 /* UIView+Autolayout.swift in Sources */,
				52963B90259BB53600396DB3 /* CityWeather.swift in Sources */,
				52963BCA259BB88E00396DB3 /* AppState.swift in Sources */,
				52963B99259BB62F00396DB3 /* DailyForecastViewModel.swift in Sources */,
				52963BEB259BBB4800396DB3 /* WeatherMetrics.swift in Sources */,
				52963B93259BB5E900396DB3 /* CityWeatherViewController.swift in Sources */,
				52963BA8259BB6B600396DB3 /* CurrentWeatherCell.swift in Sources */,
				52963B9F259BB66C00396DB3 /* CityWeatherLayout.swift in Sources */,
				52963B6D259BB46600396DB3 /* AppDelegate.swift in Sources */,
				52963BB7259BB75500396DB3 /* MyCitiesViewModel.swift in Sources */,
				52963BF1259BBB8400396DB3 /* URLHelpers.swift in Sources */,
				52963BE5259BBB0400396DB3 /* City.swift in Sources */,
				52963BBE259BB78F00396DB3 /* CityViewModel.swift in Sources */,
				52963BDB259BBAA700396DB3 /* TimedCache.swift in Sources */,
				52963B6F259BB46600396DB3 /* SceneDelegate.swift in Sources */,
			);
			runOnlyForDeploymentPostprocessing = 0;
		};
/* End PBXSourcesBuildPhase section */

/* Begin PBXVariantGroup section */
		52963B72259BB46600396DB3 /* Main.storyboard */ = {
			isa = PBXVariantGroup;
			children = (
				52963B73259BB46600396DB3 /* Base */,
			);
			name = Main.storyboard;
			sourceTree = "<group>";
		};
		52963B77259BB46800396DB3 /* LaunchScreen.storyboard */ = {
			isa = PBXVariantGroup;
			children = (
				52963B78259BB46800396DB3 /* Base */,
			);
			name = LaunchScreen.storyboard;
			sourceTree = "<group>";
		};
/* End PBXVariantGroup section */

/* Begin XCBuildConfiguration section */
		52963B7B259BB46800396DB3 /* Debug */ = {
			isa = XCBuildConfiguration;
			baseConfigurationReference = 52963B87259BB4DC00396DB3 /* Secrets.xcconfig */;
			buildSettings = {
				ALWAYS_SEARCH_USER_PATHS = NO;
				CLANG_ANALYZER_NONNULL = YES;
				CLANG_ANALYZER_NUMBER_OBJECT_CONVERSION = YES_AGGRESSIVE;
				CLANG_CXX_LANGUAGE_STANDARD = "gnu++14";
				CLANG_CXX_LIBRARY = "libc++";
				CLANG_ENABLE_MODULES = YES;
				CLANG_ENABLE_OBJC_ARC = YES;
				CLANG_ENABLE_OBJC_WEAK = YES;
				CLANG_WARN_BLOCK_CAPTURE_AUTORELEASING = YES;
				CLANG_WARN_BOOL_CONVERSION = YES;
				CLANG_WARN_COMMA = YES;
				CLANG_WARN_CONSTANT_CONVERSION = YES;
				CLANG_WARN_DEPRECATED_OBJC_IMPLEMENTATIONS = YES;
				CLANG_WARN_DIRECT_OBJC_ISA_USAGE = YES_ERROR;
				CLANG_WARN_DOCUMENTATION_COMMENTS = YES;
				CLANG_WARN_EMPTY_BODY = YES;
				CLANG_WARN_ENUM_CONVERSION = YES;
				CLANG_WARN_INFINITE_RECURSION = YES;
				CLANG_WARN_INT_CONVERSION = YES;
				CLANG_WARN_NON_LITERAL_NULL_CONVERSION = YES;
				CLANG_WARN_OBJC_IMPLICIT_RETAIN_SELF = YES;
				CLANG_WARN_OBJC_LITERAL_CONVERSION = YES;
				CLANG_WARN_OBJC_ROOT_CLASS = YES_ERROR;
				CLANG_WARN_QUOTED_INCLUDE_IN_FRAMEWORK_HEADER = YES;
				CLANG_WARN_RANGE_LOOP_ANALYSIS = YES;
				CLANG_WARN_STRICT_PROTOTYPES = YES;
				CLANG_WARN_SUSPICIOUS_MOVE = YES;
				CLANG_WARN_UNGUARDED_AVAILABILITY = YES_AGGRESSIVE;
				CLANG_WARN_UNREACHABLE_CODE = YES;
				CLANG_WARN__DUPLICATE_METHOD_MATCH = YES;
				COPY_PHASE_STRIP = NO;
				DEBUG_INFORMATION_FORMAT = dwarf;
				ENABLE_STRICT_OBJC_MSGSEND = YES;
				ENABLE_TESTABILITY = YES;
				GCC_C_LANGUAGE_STANDARD = gnu11;
				GCC_DYNAMIC_NO_PIC = NO;
				GCC_NO_COMMON_BLOCKS = YES;
				GCC_OPTIMIZATION_LEVEL = 0;
				GCC_PREPROCESSOR_DEFINITIONS = (
					"DEBUG=1",
					"$(inherited)",
				);
				GCC_WARN_64_TO_32_BIT_CONVERSION = YES;
				GCC_WARN_ABOUT_RETURN_TYPE = YES_ERROR;
				GCC_WARN_UNDECLARED_SELECTOR = YES;
				GCC_WARN_UNINITIALIZED_AUTOS = YES_AGGRESSIVE;
				GCC_WARN_UNUSED_FUNCTION = YES;
				GCC_WARN_UNUSED_VARIABLE = YES;
				IPHONEOS_DEPLOYMENT_TARGET = 14.0;
				MTL_ENABLE_DEBUG_INFO = INCLUDE_SOURCE;
				MTL_FAST_MATH = YES;
				ONLY_ACTIVE_ARCH = YES;
				SDKROOT = iphoneos;
				SWIFT_ACTIVE_COMPILATION_CONDITIONS = DEBUG;
				SWIFT_OPTIMIZATION_LEVEL = "-Onone";
			};
			name = Debug;
		};
		52963B7C259BB46800396DB3 /* Release */ = {
			isa = XCBuildConfiguration;
			baseConfigurationReference = 52963B87259BB4DC00396DB3 /* Secrets.xcconfig */;
			buildSettings = {
				ALWAYS_SEARCH_USER_PATHS = NO;
				CLANG_ANALYZER_NONNULL = YES;
				CLANG_ANALYZER_NUMBER_OBJECT_CONVERSION = YES_AGGRESSIVE;
				CLANG_CXX_LANGUAGE_STANDARD = "gnu++14";
				CLANG_CXX_LIBRARY = "libc++";
				CLANG_ENABLE_MODULES = YES;
				CLANG_ENABLE_OBJC_ARC = YES;
				CLANG_ENABLE_OBJC_WEAK = YES;
				CLANG_WARN_BLOCK_CAPTURE_AUTORELEASING = YES;
				CLANG_WARN_BOOL_CONVERSION = YES;
				CLANG_WARN_COMMA = YES;
				CLANG_WARN_CONSTANT_CONVERSION = YES;
				CLANG_WARN_DEPRECATED_OBJC_IMPLEMENTATIONS = YES;
				CLANG_WARN_DIRECT_OBJC_ISA_USAGE = YES_ERROR;
				CLANG_WARN_DOCUMENTATION_COMMENTS = YES;
				CLANG_WARN_EMPTY_BODY = YES;
				CLANG_WARN_ENUM_CONVERSION = YES;
				CLANG_WARN_INFINITE_RECURSION = YES;
				CLANG_WARN_INT_CONVERSION = YES;
				CLANG_WARN_NON_LITERAL_NULL_CONVERSION = YES;
				CLANG_WARN_OBJC_IMPLICIT_RETAIN_SELF = YES;
				CLANG_WARN_OBJC_LITERAL_CONVERSION = YES;
				CLANG_WARN_OBJC_ROOT_CLASS = YES_ERROR;
				CLANG_WARN_QUOTED_INCLUDE_IN_FRAMEWORK_HEADER = YES;
				CLANG_WARN_RANGE_LOOP_ANALYSIS = YES;
				CLANG_WARN_STRICT_PROTOTYPES = YES;
				CLANG_WARN_SUSPICIOUS_MOVE = YES;
				CLANG_WARN_UNGUARDED_AVAILABILITY = YES_AGGRESSIVE;
				CLANG_WARN_UNREACHABLE_CODE = YES;
				CLANG_WARN__DUPLICATE_METHOD_MATCH = YES;
				COPY_PHASE_STRIP = NO;
				DEBUG_INFORMATION_FORMAT = "dwarf-with-dsym";
				ENABLE_NS_ASSERTIONS = NO;
				ENABLE_STRICT_OBJC_MSGSEND = YES;
				GCC_C_LANGUAGE_STANDARD = gnu11;
				GCC_NO_COMMON_BLOCKS = YES;
				GCC_WARN_64_TO_32_BIT_CONVERSION = YES;
				GCC_WARN_ABOUT_RETURN_TYPE = YES_ERROR;
				GCC_WARN_UNDECLARED_SELECTOR = YES;
				GCC_WARN_UNINITIALIZED_AUTOS = YES_AGGRESSIVE;
				GCC_WARN_UNUSED_FUNCTION = YES;
				GCC_WARN_UNUSED_VARIABLE = YES;
				IPHONEOS_DEPLOYMENT_TARGET = 14.0;
				MTL_ENABLE_DEBUG_INFO = NO;
				MTL_FAST_MATH = YES;
				SDKROOT = iphoneos;
				SWIFT_COMPILATION_MODE = wholemodule;
				SWIFT_OPTIMIZATION_LEVEL = "-O";
				VALIDATE_PRODUCT = YES;
			};
			name = Release;
		};
		52963B7E259BB46800396DB3 /* Debug */ = {
			isa = XCBuildConfiguration;
			buildSettings = {
				ASSETCATALOG_COMPILER_APPICON_NAME = AppIcon;
				ASSETCATALOG_COMPILER_GLOBAL_ACCENT_COLOR_NAME = AccentColor;
				CODE_SIGN_STYLE = Automatic;
				DEVELOPMENT_TEAM = 3PTYV272Z4;
				INFOPLIST_FILE = WeatherApp/Info.plist;
				LD_RUNPATH_SEARCH_PATHS = (
					"$(inherited)",
					"@executable_path/Frameworks",
				);
				PRODUCT_BUNDLE_IDENTIFIER = ua.com.kr.ssh.WeatherApp;
				PRODUCT_NAME = "$(TARGET_NAME)";
				SWIFT_VERSION = 5.0;
				TARGETED_DEVICE_FAMILY = "1,2";
			};
			name = Debug;
		};
		52963B7F259BB46800396DB3 /* Release */ = {
			isa = XCBuildConfiguration;
			buildSettings = {
				ASSETCATALOG_COMPILER_APPICON_NAME = AppIcon;
				ASSETCATALOG_COMPILER_GLOBAL_ACCENT_COLOR_NAME = AccentColor;
				CODE_SIGN_STYLE = Automatic;
				DEVELOPMENT_TEAM = 3PTYV272Z4;
				INFOPLIST_FILE = WeatherApp/Info.plist;
				LD_RUNPATH_SEARCH_PATHS = (
					"$(inherited)",
					"@executable_path/Frameworks",
				);
				PRODUCT_BUNDLE_IDENTIFIER = ua.com.kr.ssh.WeatherApp;
				PRODUCT_NAME = "$(TARGET_NAME)";
				SWIFT_VERSION = 5.0;
				TARGETED_DEVICE_FAMILY = "1,2";
			};
			name = Release;
		};
/* End XCBuildConfiguration section */

/* Begin XCConfigurationList section */
		52963B64259BB46600396DB3 /* Build configuration list for PBXProject "WeatherApp" */ = {
			isa = XCConfigurationList;
			buildConfigurations = (
				52963B7B259BB46800396DB3 /* Debug */,
				52963B7C259BB46800396DB3 /* Release */,
			);
			defaultConfigurationIsVisible = 0;
			defaultConfigurationName = Release;
		};
		52963B7D259BB46800396DB3 /* Build configuration list for PBXNativeTarget "WeatherApp" */ = {
			isa = XCConfigurationList;
			buildConfigurations = (
				52963B7E259BB46800396DB3 /* Debug */,
				52963B7F259BB46800396DB3 /* Release */,
			);
			defaultConfigurationIsVisible = 0;
			defaultConfigurationName = Release;
		};
/* End XCConfigurationList section */
	};
	rootObject = 52963B61259BB46600396DB3 /* Project object */;
}
