// !$*UTF8*$!
{
	archiveVersion = 1;
	classes = {
	};
	objectVersion = 50;
	objects = {

/* Begin PBXBuildFile section */
		5284A4712593E38E008E9400 /* AppDelegate.swift in Sources */ = {isa = PBXBuildFile; fileRef = 5284A4702593E38E008E9400 /* AppDelegate.swift */; };
		5284A4732593E38E008E9400 /* SceneDelegate.swift in Sources */ = {isa = PBXBuildFile; fileRef = 5284A4722593E38E008E9400 /* SceneDelegate.swift */; };
		5284A4752593E38E008E9400 /* ViewController.swift in Sources */ = {isa = PBXBuildFile; fileRef = 5284A4742593E38E008E9400 /* ViewController.swift */; };
		5284A4782593E38E008E9400 /* Main.storyboard in Resources */ = {isa = PBXBuildFile; fileRef = 5284A4762593E38E008E9400 /* Main.storyboard */; };
		5284A47A2593E390008E9400 /* Assets.xcassets in Resources */ = {isa = PBXBuildFile; fileRef = 5284A4792593E390008E9400 /* Assets.xcassets */; };
		5284A47D2593E390008E9400 /* LaunchScreen.storyboard in Resources */ = {isa = PBXBuildFile; fileRef = 5284A47B2593E390008E9400 /* LaunchScreen.storyboard */; };
		5284A4862593E3D2008E9400 /* DiceViewModel.swift in Sources */ = {isa = PBXBuildFile; fileRef = 5284A4852593E3D2008E9400 /* DiceViewModel.swift */; };
		5284A4892593E403008E9400 /* BigButton.swift in Sources */ = {isa = PBXBuildFile; fileRef = 5284A4882593E403008E9400 /* BigButton.swift */; };
/* End PBXBuildFile section */

/* Begin PBXFileReference section */
		5284A46D2593E38E008E9400 /* HandlingErrors.app */ = {isa = PBXFileReference; explicitFileType = wrapper.application; includeInIndex = 0; path = HandlingErrors.app; sourceTree = BUILT_PRODUCTS_DIR; };
		5284A4702593E38E008E9400 /* AppDelegate.swift */ = {isa = PBXFileReference; lastKnownFileType = sourcecode.swift; path = AppDelegate.swift; sourceTree = "<group>"; };
		5284A4722593E38E008E9400 /* SceneDelegate.swift */ = {isa = PBXFileReference; lastKnownFileType = sourcecode.swift; path = SceneDelegate.swift; sourceTree = "<group>"; };
		5284A4742593E38E008E9400 /* ViewController.swift */ = {isa = PBXFileReference; lastKnownFileType = sourcecode.swift; path = ViewController.swift; sourceTree = "<group>"; };
		5284A4772593E38E008E9400 /* Base */ = {isa = PBXFileReference; lastKnownFileType = file.storyboard; name = Base; path = Base.lproj/Main.storyboard; sourceTree = "<group>"; };
		5284A4792593E390008E9400 /* Assets.xcassets */ = {isa = PBXFileReference; lastKnownFileType = folder.assetcatalog; path = Assets.xcassets; sourceTree = "<group>"; };
		5284A47C2593E390008E9400 /* Base */ = {isa = PBXFileReference; lastKnownFileType = file.storyboard; name = Base; path = Base.lproj/LaunchScreen.storyboard; sourceTree = "<group>"; };
		5284A47E2593E390008E9400 /* Info.plist */ = {isa = PBXFileReference; lastKnownFileType = text.plist.xml; path = Info.plist; sourceTree = "<group>"; };
		5284A4852593E3D2008E9400 /* DiceViewModel.swift */ = {isa = PBXFileReference; lastKnownFileType = sourcecode.swift; path = DiceViewModel.swift; sourceTree = "<group>"; };
		5284A4882593E403008E9400 /* BigButton.swift */ = {isa = PBXFileReference; lastKnownFileType = sourcecode.swift; path = BigButton.swift; sourceTree = "<group>"; };
/* End PBXFileReference section */

/* Begin PBXFrameworksBuildPhase section */
		5284A46A2593E38E008E9400 /* Frameworks */ = {
			isa = PBXFrameworksBuildPhase;
			buildActionMask = 2147483647;
			files = (
			);
			runOnlyForDeploymentPostprocessing = 0;
		};
/* End PBXFrameworksBuildPhase section */

/* Begin PBXGroup section */
		5284A4642593E38E008E9400 = {
			isa = PBXGroup;
			children = (
				5284A46F2593E38E008E9400 /* HandlingErrors */,
				5284A46E2593E38E008E9400 /* Products */,
			);
			sourceTree = "<group>";
		};
		5284A46E2593E38E008E9400 /* Products */ = {
			isa = PBXGroup;
			children = (
				5284A46D2593E38E008E9400 /* HandlingErrors.app */,
			);
			name = Products;
			sourceTree = "<group>";
		};
		5284A46F2593E38E008E9400 /* HandlingErrors */ = {
			isa = PBXGroup;
			children = (
				5284A4702593E38E008E9400 /* AppDelegate.swift */,
				5284A4722593E38E008E9400 /* SceneDelegate.swift */,
				5284A4742593E38E008E9400 /* ViewController.swift */,
				5284A4852593E3D2008E9400 /* DiceViewModel.swift */,
				5284A4882593E403008E9400 /* BigButton.swift */,
				5284A4762593E38E008E9400 /* Main.storyboard */,
				5284A4792593E390008E9400 /* Assets.xcassets */,
				5284A47B2593E390008E9400 /* LaunchScreen.storyboard */,
				5284A47E2593E390008E9400 /* Info.plist */,
			);
			path = HandlingErrors;
			sourceTree = "<group>";
		};
/* End PBXGroup section */

/* Begin PBXNativeTarget section */
		5284A46C2593E38E008E9400 /* HandlingErrors */ = {
			isa = PBXNativeTarget;
			buildConfigurationList = 5284A4812593E390008E9400 /* Build configuration list for PBXNativeTarget "HandlingErrors" */;
			buildPhases = (
				5284A4692593E38E008E9400 /* Sources */,
				5284A46A2593E38E008E9400 /* Frameworks */,
				5284A46B2593E38E008E9400 /* Resources */,
			);
			buildRules = (
			);
			dependencies = (
			);
			name = HandlingErrors;
			productName = HandlingErrors;
			productReference = 5284A46D2593E38E008E9400 /* HandlingErrors.app */;
			productType = "com.apple.product-type.application";
		};
/* End PBXNativeTarget section */

/* Begin PBXProject section */
		5284A4652593E38E008E9400 /* Project object */ = {
			isa = PBXProject;
			attributes = {
				LastSwiftUpdateCheck = 1200;
				LastUpgradeCheck = 1200;
				TargetAttributes = {
					5284A46C2593E38E008E9400 = {
						CreatedOnToolsVersion = 12.0;
					};
				};
			};
			buildConfigurationList = 5284A4682593E38E008E9400 /* Build configuration list for PBXProject "HandlingErrors" */;
			compatibilityVersion = "Xcode 9.3";
			developmentRegion = en;
			hasScannedForEncodings = 0;
			knownRegions = (
				en,
				Base,
			);
			mainGroup = 5284A4642593E38E008E9400;
			productRefGroup = 5284A46E2593E38E008E9400 /* Products */;
			projectDirPath = "";
			projectRoot = "";
			targets = (
				5284A46C2593E38E008E9400 /* HandlingErrors */,
			);
		};
/* End PBXProject section */

/* Begin PBXResourcesBuildPhase section */
		5284A46B2593E38E008E9400 /* Resources */ = {
			isa = PBXResourcesBuildPhase;
			buildActionMask = 2147483647;
			files = (
				5284A47D2593E390008E9400 /* LaunchScreen.storyboard in Resources */,
				5284A47A2593E390008E9400 /* Assets.xcassets in Resources */,
				5284A4782593E38E008E9400 /* Main.storyboard in Resources */,
			);
			runOnlyForDeploymentPostprocessing = 0;
		};
/* End PBXResourcesBuildPhase section */

/* Begin PBXSourcesBuildPhase section */
		5284A4692593E38E008E9400 /* Sources */ = {
			isa = PBXSourcesBuildPhase;
			buildActionMask = 2147483647;
			files = (
				5284A4752593E38E008E9400 /* ViewController.swift in Sources */,
				5284A4712593E38E008E9400 /* AppDelegate.swift in Sources */,
				5284A4732593E38E008E9400 /* SceneDelegate.swift in Sources */,
				5284A4892593E403008E9400 /* BigButton.swift in Sources */,
				5284A4862593E3D2008E9400 /* DiceViewModel.swift in Sources */,
			);
			runOnlyForDeploymentPostprocessing = 0;
		};
/* End PBXSourcesBuildPhase section */

/* Begin PBXVariantGroup section */
		5284A4762593E38E008E9400 /* Main.storyboard */ = {
			isa = PBXVariantGroup;
			children = (
				5284A4772593E38E008E9400 /* Base */,
			);
			name = Main.storyboard;
			sourceTree = "<group>";
		};
		5284A47B2593E390008E9400 /* LaunchScreen.storyboard */ = {
			isa = PBXVariantGroup;
			children = (
				5284A47C2593E390008E9400 /* Base */,
			);
			name = LaunchScreen.storyboard;
			sourceTree = "<group>";
		};
/* End PBXVariantGroup section */

/* Begin XCBuildConfiguration section */
		5284A47F2593E390008E9400 /* Debug */ = {
			isa = XCBuildConfiguration;
			buildSettings = {
				ALWAYS_SEARCH_USER_PATHS = NO;
				CLANG_ANALYZER_NONNULL = YES;
				CLANG_ANALYZER_NUMBER_OBJECT_CONVERSION = YES_AGGRESSIVE;
				CLANG_CXX_LANGUAGE_STANDARD = "gnu++14";
				CLANG_CXX_LIBRARY = "libc++";
				CLANG_ENABLE_MODULES = YES;
				CLANG_ENABLE_OBJC_ARC = YES;
				CLANG_ENABLE_OBJC_WEAK = YES;
				CLANG_WARN_BLOCK_CAPTURE_AUTORELEASING = YES;
				CLANG_WARN_BOOL_CONVERSION = YES;
				CLANG_WARN_COMMA = YES;
				CLANG_WARN_CONSTANT_CONVERSION = YES;
				CLANG_WARN_DEPRECATED_OBJC_IMPLEMENTATIONS = YES;
				CLANG_WARN_DIRECT_OBJC_ISA_USAGE = YES_ERROR;
				CLANG_WARN_DOCUMENTATION_COMMENTS = YES;
				CLANG_WARN_EMPTY_BODY = YES;
				CLANG_WARN_ENUM_CONVERSION = YES;
				CLANG_WARN_INFINITE_RECURSION = YES;
				CLANG_WARN_INT_CONVERSION = YES;
				CLANG_WARN_NON_LITERAL_NULL_CONVERSION = YES;
				CLANG_WARN_OBJC_IMPLICIT_RETAIN_SELF = YES;
				CLANG_WARN_OBJC_LITERAL_CONVERSION = YES;
				CLANG_WARN_OBJC_ROOT_CLASS = YES_ERROR;
				CLANG_WARN_QUOTED_INCLUDE_IN_FRAMEWORK_HEADER = YES;
				CLANG_WARN_RANGE_LOOP_ANALYSIS = YES;
				CLANG_WARN_STRICT_PROTOTYPES = YES;
				CLANG_WARN_SUSPICIOUS_MOVE = YES;
				CLANG_WARN_UNGUARDED_AVAILABILITY = YES_AGGRESSIVE;
				CLANG_WARN_UNREACHABLE_CODE = YES;
				CLANG_WARN__DUPLICATE_METHOD_MATCH = YES;
				COPY_PHASE_STRIP = NO;
				DEBUG_INFORMATION_FORMAT = dwarf;
				ENABLE_STRICT_OBJC_MSGSEND = YES;
				ENABLE_TESTABILITY = YES;
				GCC_C_LANGUAGE_STANDARD = gnu11;
				GCC_DYNAMIC_NO_PIC = NO;
				GCC_NO_COMMON_BLOCKS = YES;
				GCC_OPTIMIZATION_LEVEL = 0;
				GCC_PREPROCESSOR_DEFINITIONS = (
					"DEBUG=1",
					"$(inherited)",
				);
				GCC_WARN_64_TO_32_BIT_CONVERSION = YES;
				GCC_WARN_ABOUT_RETURN_TYPE = YES_ERROR;
				GCC_WARN_UNDECLARED_SELECTOR = YES;
				GCC_WARN_UNINITIALIZED_AUTOS = YES_AGGRESSIVE;
				GCC_WARN_UNUSED_FUNCTION = YES;
				GCC_WARN_UNUSED_VARIABLE = YES;
				IPHONEOS_DEPLOYMENT_TARGET = 14.0;
				MTL_ENABLE_DEBUG_INFO = INCLUDE_SOURCE;
				MTL_FAST_MATH = YES;
				ONLY_ACTIVE_ARCH = YES;
				SDKROOT = iphoneos;
				SWIFT_ACTIVE_COMPILATION_CONDITIONS = DEBUG;
				SWIFT_OPTIMIZATION_LEVEL = "-Onone";
			};
			name = Debug;
		};
		5284A4802593E390008E9400 /* Release */ = {
			isa = XCBuildConfiguration;
			buildSettings = {
				ALWAYS_SEARCH_USER_PATHS = NO;
				CLANG_ANALYZER_NONNULL = YES;
				CLANG_ANALYZER_NUMBER_OBJECT_CONVERSION = YES_AGGRESSIVE;
				CLANG_CXX_LANGUAGE_STANDARD = "gnu++14";
				CLANG_CXX_LIBRARY = "libc++";
				CLANG_ENABLE_MODULES = YES;
				CLANG_ENABLE_OBJC_ARC = YES;
				CLANG_ENABLE_OBJC_WEAK = YES;
				CLANG_WARN_BLOCK_CAPTURE_AUTORELEASING = YES;
				CLANG_WARN_BOOL_CONVERSION = YES;
				CLANG_WARN_COMMA = YES;
				CLANG_WARN_CONSTANT_CONVERSION = YES;
				CLANG_WARN_DEPRECATED_OBJC_IMPLEMENTATIONS = YES;
				CLANG_WARN_DIRECT_OBJC_ISA_USAGE = YES_ERROR;
				CLANG_WARN_DOCUMENTATION_COMMENTS = YES;
				CLANG_WARN_EMPTY_BODY = YES;
				CLANG_WARN_ENUM_CONVERSION = YES;
				CLANG_WARN_INFINITE_RECURSION = YES;
				CLANG_WARN_INT_CONVERSION = YES;
				CLANG_WARN_NON_LITERAL_NULL_CONVERSION = YES;
				CLANG_WARN_OBJC_IMPLICIT_RETAIN_SELF = YES;
				CLANG_WARN_OBJC_LITERAL_CONVERSION = YES;
				CLANG_WARN_OBJC_ROOT_CLASS = YES_ERROR;
				CLANG_WARN_QUOTED_INCLUDE_IN_FRAMEWORK_HEADER = YES;
				CLANG_WARN_RANGE_LOOP_ANALYSIS = YES;
				CLANG_WARN_STRICT_PROTOTYPES = YES;
				CLANG_WARN_SUSPICIOUS_MOVE = YES;
				CLANG_WARN_UNGUARDED_AVAILABILITY = YES_AGGRESSIVE;
				CLANG_WARN_UNREACHABLE_CODE = YES;
				CLANG_WARN__DUPLICATE_METHOD_MATCH = YES;
				COPY_PHASE_STRIP = NO;
				DEBUG_INFORMATION_FORMAT = "dwarf-with-dsym";
				ENABLE_NS_ASSERTIONS = NO;
				ENABLE_STRICT_OBJC_MSGSEND = YES;
				GCC_C_LANGUAGE_STANDARD = gnu11;
				GCC_NO_COMMON_BLOCKS = YES;
				GCC_WARN_64_TO_32_BIT_CONVERSION = YES;
				GCC_WARN_ABOUT_RETURN_TYPE = YES_ERROR;
				GCC_WARN_UNDECLARED_SELECTOR = YES;
				GCC_WARN_UNINITIALIZED_AUTOS = YES_AGGRESSIVE;
				GCC_WARN_UNUSED_FUNCTION = YES;
				GCC_WARN_UNUSED_VARIABLE = YES;
				IPHONEOS_DEPLOYMENT_TARGET = 14.0;
				MTL_ENABLE_DEBUG_INFO = NO;
				MTL_FAST_MATH = YES;
				SDKROOT = iphoneos;
				SWIFT_COMPILATION_MODE = wholemodule;
				SWIFT_OPTIMIZATION_LEVEL = "-O";
				VALIDATE_PRODUCT = YES;
			};
			name = Release;
		};
		5284A4822593E390008E9400 /* Debug */ = {
			isa = XCBuildConfiguration;
			buildSettings = {
				ASSETCATALOG_COMPILER_APPICON_NAME = AppIcon;
				ASSETCATALOG_COMPILER_GLOBAL_ACCENT_COLOR_NAME = AccentColor;
				CODE_SIGN_STYLE = Automatic;
				DEVELOPMENT_TEAM = 3PTYV272Z4;
				INFOPLIST_FILE = HandlingErrors/Info.plist;
				LD_RUNPATH_SEARCH_PATHS = (
					"$(inherited)",
					"@executable_path/Frameworks",
				);
				PRODUCT_BUNDLE_IDENTIFIER = ua.com.kr.ssh.HandlingErrors;
				PRODUCT_NAME = "$(TARGET_NAME)";
				SWIFT_VERSION = 5.0;
				TARGETED_DEVICE_FAMILY = "1,2";
			};
			name = Debug;
		};
		5284A4832593E390008E9400 /* Release */ = {
			isa = XCBuildConfiguration;
			buildSettings = {
				ASSETCATALOG_COMPILER_APPICON_NAME = AppIcon;
				ASSETCATALOG_COMPILER_GLOBAL_ACCENT_COLOR_NAME = AccentColor;
				CODE_SIGN_STYLE = Automatic;
				DEVELOPMENT_TEAM = 3PTYV272Z4;
				INFOPLIST_FILE = HandlingErrors/Info.plist;
				LD_RUNPATH_SEARCH_PATHS = (
					"$(inherited)",
					"@executable_path/Frameworks",
				);
				PRODUCT_BUNDLE_IDENTIFIER = ua.com.kr.ssh.HandlingErrors;
				PRODUCT_NAME = "$(TARGET_NAME)";
				SWIFT_VERSION = 5.0;
				TARGETED_DEVICE_FAMILY = "1,2";
			};
			name = Release;
		};
/* End XCBuildConfiguration section */

/* Begin XCConfigurationList section */
		5284A4682593E38E008E9400 /* Build configuration list for PBXProject "HandlingErrors" */ = {
			isa = XCConfigurationList;
			buildConfigurations = (
				5284A47F2593E390008E9400 /* Debug */,
				5284A4802593E390008E9400 /* Release */,
			);
			defaultConfigurationIsVisible = 0;
			defaultConfigurationName = Release;
		};
		5284A4812593E390008E9400 /* Build configuration list for PBXNativeTarget "HandlingErrors" */ = {
			isa = XCConfigurationList;
			buildConfigurations = (
				5284A4822593E390008E9400 /* Debug */,
				5284A4832593E390008E9400 /* Release */,
			);
			defaultConfigurationIsVisible = 0;
			defaultConfigurationName = Release;
		};
/* End XCConfigurationList section */
	};
	rootObject = 5284A4652593E38E008E9400 /* Project object */;
}
