// !$*UTF8*$!
{
	archiveVersion = 1;
	classes = {
	};
	objectVersion = 50;
	objects = {

/* Begin PBXBuildFile section */
		520C6D5A259A6AF000956AC5 /* SignupViewModel.swift in Sources */ = {isa = PBXBuildFile; fileRef = 520C6D59259A6AF000956AC5 /* SignupViewModel.swift */; };
		5284A4472593B53E008E9400 /* AppDelegate.swift in Sources */ = {isa = PBXBuildFile; fileRef = 5284A4462593B53E008E9400 /* AppDelegate.swift */; };
		5284A4492593B53E008E9400 /* SceneDelegate.swift in Sources */ = {isa = PBXBuildFile; fileRef = 5284A4482593B53E008E9400 /* SceneDelegate.swift */; };
		5284A44B2593B53E008E9400 /* ViewController.swift in Sources */ = {isa = PBXBuildFile; fileRef = 5284A44A2593B53E008E9400 /* ViewController.swift */; };
		5284A44E2593B53E008E9400 /* Main.storyboard in Resources */ = {isa = PBXBuildFile; fileRef = 5284A44C2593B53E008E9400 /* Main.storyboard */; };
		5284A4502593B53F008E9400 /* Assets.xcassets in Resources */ = {isa = PBXBuildFile; fileRef = 5284A44F2593B53F008E9400 /* Assets.xcassets */; };
		5284A4532593B53F008E9400 /* LaunchScreen.storyboard in Resources */ = {isa = PBXBuildFile; fileRef = 5284A4512593B53F008E9400 /* LaunchScreen.storyboard */; };
		5284A45E2593B69E008E9400 /* FormTextField.swift in Sources */ = {isa = PBXBuildFile; fileRef = 5284A45D2593B69E008E9400 /* FormTextField.swift */; };
		5284A4612593B6BE008E9400 /* BigButton.swift in Sources */ = {isa = PBXBuildFile; fileRef = 5284A4602593B6BE008E9400 /* BigButton.swift */; };
/* End PBXBuildFile section */

/* Begin PBXFileReference section */
		520C6D59259A6AF000956AC5 /* SignupViewModel.swift */ = {isa = PBXFileReference; lastKnownFileType = sourcecode.swift; path = SignupViewModel.swift; sourceTree = "<group>"; };
		5284A4432593B53E008E9400 /* SignupApp.app */ = {isa = PBXFileReference; explicitFileType = wrapper.application; includeInIndex = 0; path = SignupApp.app; sourceTree = BUILT_PRODUCTS_DIR; };
		5284A4462593B53E008E9400 /* AppDelegate.swift */ = {isa = PBXFileReference; lastKnownFileType = sourcecode.swift; path = AppDelegate.swift; sourceTree = "<group>"; };
		5284A4482593B53E008E9400 /* SceneDelegate.swift */ = {isa = PBXFileReference; lastKnownFileType = sourcecode.swift; path = SceneDelegate.swift; sourceTree = "<group>"; };
		5284A44A2593B53E008E9400 /* ViewController.swift */ = {isa = PBXFileReference; lastKnownFileType = sourcecode.swift; path = ViewController.swift; sourceTree = "<group>"; };
		5284A44D2593B53E008E9400 /* Base */ = {isa = PBXFileReference; lastKnownFileType = file.storyboard; name = Base; path = Base.lproj/Main.storyboard; sourceTree = "<group>"; };
		5284A44F2593B53F008E9400 /* Assets.xcassets */ = {isa = PBXFileReference; lastKnownFileType = folder.assetcatalog; path = Assets.xcassets; sourceTree = "<group>"; };
		5284A4522593B53F008E9400 /* Base */ = {isa = PBXFileReference; lastKnownFileType = file.storyboard; name = Base; path = Base.lproj/LaunchScreen.storyboard; sourceTree = "<group>"; };
		5284A4542593B53F008E9400 /* Info.plist */ = {isa = PBXFileReference; lastKnownFileType = text.plist.xml; path = Info.plist; sourceTree = "<group>"; };
		5284A45D2593B69E008E9400 /* FormTextField.swift */ = {isa = PBXFileReference; lastKnownFileType = sourcecode.swift; path = FormTextField.swift; sourceTree = "<group>"; };
		5284A4602593B6BE008E9400 /* BigButton.swift */ = {isa = PBXFileReference; lastKnownFileType = sourcecode.swift; path = BigButton.swift; sourceTree = "<group>"; };
/* End PBXFileReference section */

/* Begin PBXFrameworksBuildPhase section */
		5284A4402593B53E008E9400 /* Frameworks */ = {
			isa = PBXFrameworksBuildPhase;
			buildActionMask = 2147483647;
			files = (
			);
			runOnlyForDeploymentPostprocessing = 0;
		};
/* End PBXFrameworksBuildPhase section */

/* Begin PBXGroup section */
		5284A43A2593B53E008E9400 = {
			isa = PBXGroup;
			children = (
				5284A4452593B53E008E9400 /* SignupApp */,
				5284A4442593B53E008E9400 /* Products */,
			);
			sourceTree = "<group>";
		};
		5284A4442593B53E008E9400 /* Products */ = {
			isa = PBXGroup;
			children = (
				5284A4432593B53E008E9400 /* SignupApp.app */,
			);
			name = Products;
			sourceTree = "<group>";
		};
		5284A4452593B53E008E9400 /* SignupApp */ = {
			isa = PBXGroup;
			children = (
				5284A4462593B53E008E9400 /* AppDelegate.swift */,
				5284A4482593B53E008E9400 /* SceneDelegate.swift */,
				5284A44A2593B53E008E9400 /* ViewController.swift */,
				520C6D59259A6AF000956AC5 /* SignupViewModel.swift */,
				5284A45D2593B69E008E9400 /* FormTextField.swift */,
				5284A4602593B6BE008E9400 /* BigButton.swift */,
				5284A44C2593B53E008E9400 /* Main.storyboard */,
				5284A44F2593B53F008E9400 /* Assets.xcassets */,
				5284A4512593B53F008E9400 /* LaunchScreen.storyboard */,
				5284A4542593B53F008E9400 /* Info.plist */,
			);
			path = SignupApp;
			sourceTree = "<group>";
		};
/* End PBXGroup section */

/* Begin PBXNativeTarget section */
		5284A4422593B53E008E9400 /* SignupApp */ = {
			isa = PBXNativeTarget;
			buildConfigurationList = 5284A4572593B53F008E9400 /* Build configuration list for PBXNativeTarget "SignupApp" */;
			buildPhases = (
				5284A43F2593B53E008E9400 /* Sources */,
				5284A4402593B53E008E9400 /* Frameworks */,
				5284A4412593B53E008E9400 /* Resources */,
			);
			buildRules = (
			);
			dependencies = (
			);
			name = SignupApp;
			productName = SignupApp;
			productReference = 5284A4432593B53E008E9400 /* SignupApp.app */;
			productType = "com.apple.product-type.application";
		};
/* End PBXNativeTarget section */

/* Begin PBXProject section */
		5284A43B2593B53E008E9400 /* Project object */ = {
			isa = PBXProject;
			attributes = {
				LastSwiftUpdateCheck = 1200;
				LastUpgradeCheck = 1200;
				TargetAttributes = {
					5284A4422593B53E008E9400 = {
						CreatedOnToolsVersion = 12.0;
					};
				};
			};
			buildConfigurationList = 5284A43E2593B53E008E9400 /* Build configuration list for PBXProject "SignupApp" */;
			compatibilityVersion = "Xcode 9.3";
			developmentRegion = en;
			hasScannedForEncodings = 0;
			knownRegions = (
				en,
				Base,
			);
			mainGroup = 5284A43A2593B53E008E9400;
			productRefGroup = 5284A4442593B53E008E9400 /* Products */;
			projectDirPath = "";
			projectRoot = "";
			targets = (
				5284A4422593B53E008E9400 /* SignupApp */,
			);
		};
/* End PBXProject section */

/* Begin PBXResourcesBuildPhase section */
		5284A4412593B53E008E9400 /* Resources */ = {
			isa = PBXResourcesBuildPhase;
			buildActionMask = 2147483647;
			files = (
				5284A4532593B53F008E9400 /* LaunchScreen.storyboard in Resources */,
				5284A4502593B53F008E9400 /* Assets.xcassets in Resources */,
				5284A44E2593B53E008E9400 /* Main.storyboard in Resources */,
			);
			runOnlyForDeploymentPostprocessing = 0;
		};
/* End PBXResourcesBuildPhase section */

/* Begin PBXSourcesBuildPhase section */
		5284A43F2593B53E008E9400 /* Sources */ = {
			isa = PBXSourcesBuildPhase;
			buildActionMask = 2147483647;
			files = (
				520C6D5A259A6AF000956AC5 /* SignupViewModel.swift in Sources */,
				5284A44B2593B53E008E9400 /* ViewController.swift in Sources */,
				5284A4472593B53E008E9400 /* AppDelegate.swift in Sources */,
				5284A4492593B53E008E9400 /* SceneDelegate.swift in Sources */,
				5284A4612593B6BE008E9400 /* BigButton.swift in Sources */,
				5284A45E2593B69E008E9400 /* FormTextField.swift in Sources */,
			);
			runOnlyForDeploymentPostprocessing = 0;
		};
/* End PBXSourcesBuildPhase section */

/* Begin PBXVariantGroup section */
		5284A44C2593B53E008E9400 /* Main.storyboard */ = {
			isa = PBXVariantGroup;
			children = (
				5284A44D2593B53E008E9400 /* Base */,
			);
			name = Main.storyboard;
			sourceTree = "<group>";
		};
		5284A4512593B53F008E9400 /* LaunchScreen.storyboard */ = {
			isa = PBXVariantGroup;
			children = (
				5284A4522593B53F008E9400 /* Base */,
			);
			name = LaunchScreen.storyboard;
			sourceTree = "<group>";
		};
/* End PBXVariantGroup section */

/* Begin XCBuildConfiguration section */
		5284A4552593B53F008E9400 /* Debug */ = {
			isa = XCBuildConfiguration;
			buildSettings = {
				ALWAYS_SEARCH_USER_PATHS = NO;
				CLANG_ANALYZER_NONNULL = YES;
				CLANG_ANALYZER_NUMBER_OBJECT_CONVERSION = YES_AGGRESSIVE;
				CLANG_CXX_LANGUAGE_STANDARD = "gnu++14";
				CLANG_CXX_LIBRARY = "libc++";
				CLANG_ENABLE_MODULES = YES;
				CLANG_ENABLE_OBJC_ARC = YES;
				CLANG_ENABLE_OBJC_WEAK = YES;
				CLANG_WARN_BLOCK_CAPTURE_AUTORELEASING = YES;
				CLANG_WARN_BOOL_CONVERSION = YES;
				CLANG_WARN_COMMA = YES;
				CLANG_WARN_CONSTANT_CONVERSION = YES;
				CLANG_WARN_DEPRECATED_OBJC_IMPLEMENTATIONS = YES;
				CLANG_WARN_DIRECT_OBJC_ISA_USAGE = YES_ERROR;
				CLANG_WARN_DOCUMENTATION_COMMENTS = YES;
				CLANG_WARN_EMPTY_BODY = YES;
				CLANG_WARN_ENUM_CONVERSION = YES;
				CLANG_WARN_INFINITE_RECURSION = YES;
				CLANG_WARN_INT_CONVERSION = YES;
				CLANG_WARN_NON_LITERAL_NULL_CONVERSION = YES;
				CLANG_WARN_OBJC_IMPLICIT_RETAIN_SELF = YES;
				CLANG_WARN_OBJC_LITERAL_CONVERSION = YES;
				CLANG_WARN_OBJC_ROOT_CLASS = YES_ERROR;
				CLANG_WARN_QUOTED_INCLUDE_IN_FRAMEWORK_HEADER = YES;
				CLANG_WARN_RANGE_LOOP_ANALYSIS = YES;
				CLANG_WARN_STRICT_PROTOTYPES = YES;
				CLANG_WARN_SUSPICIOUS_MOVE = YES;
				CLANG_WARN_UNGUARDED_AVAILABILITY = YES_AGGRESSIVE;
				CLANG_WARN_UNREACHABLE_CODE = YES;
				CLANG_WARN__DUPLICATE_METHOD_MATCH = YES;
				COPY_PHASE_STRIP = NO;
				DEBUG_INFORMATION_FORMAT = dwarf;
				ENABLE_STRICT_OBJC_MSGSEND = YES;
				ENABLE_TESTABILITY = YES;
				GCC_C_LANGUAGE_STANDARD = gnu11;
				GCC_DYNAMIC_NO_PIC = NO;
				GCC_NO_COMMON_BLOCKS = YES;
				GCC_OPTIMIZATION_LEVEL = 0;
				GCC_PREPROCESSOR_DEFINITIONS = (
					"DEBUG=1",
					"$(inherited)",
				);
				GCC_WARN_64_TO_32_BIT_CONVERSION = YES;
				GCC_WARN_ABOUT_RETURN_TYPE = YES_ERROR;
				GCC_WARN_UNDECLARED_SELECTOR = YES;
				GCC_WARN_UNINITIALIZED_AUTOS = YES_AGGRESSIVE;
				GCC_WARN_UNUSED_FUNCTION = YES;
				GCC_WARN_UNUSED_VARIABLE = YES;
				IPHONEOS_DEPLOYMENT_TARGET = 14.0;
				MTL_ENABLE_DEBUG_INFO = INCLUDE_SOURCE;
				MTL_FAST_MATH = YES;
				ONLY_ACTIVE_ARCH = YES;
				SDKROOT = iphoneos;
				SWIFT_ACTIVE_COMPILATION_CONDITIONS = DEBUG;
				SWIFT_OPTIMIZATION_LEVEL = "-Onone";
			};
			name = Debug;
		};
		5284A4562593B53F008E9400 /* Release */ = {
			isa = XCBuildConfiguration;
			buildSettings = {
				ALWAYS_SEARCH_USER_PATHS = NO;
				CLANG_ANALYZER_NONNULL = YES;
				CLANG_ANALYZER_NUMBER_OBJECT_CONVERSION = YES_AGGRESSIVE;
				CLANG_CXX_LANGUAGE_STANDARD = "gnu++14";
				CLANG_CXX_LIBRARY = "libc++";
				CLANG_ENABLE_MODULES = YES;
				CLANG_ENABLE_OBJC_ARC = YES;
				CLANG_ENABLE_OBJC_WEAK = YES;
				CLANG_WARN_BLOCK_CAPTURE_AUTORELEASING = YES;
				CLANG_WARN_BOOL_CONVERSION = YES;
				CLANG_WARN_COMMA = YES;
				CLANG_WARN_CONSTANT_CONVERSION = YES;
				CLANG_WARN_DEPRECATED_OBJC_IMPLEMENTATIONS = YES;
				CLANG_WARN_DIRECT_OBJC_ISA_USAGE = YES_ERROR;
				CLANG_WARN_DOCUMENTATION_COMMENTS = YES;
				CLANG_WARN_EMPTY_BODY = YES;
				CLANG_WARN_ENUM_CONVERSION = YES;
				CLANG_WARN_INFINITE_RECURSION = YES;
				CLANG_WARN_INT_CONVERSION = YES;
				CLANG_WARN_NON_LITERAL_NULL_CONVERSION = YES;
				CLANG_WARN_OBJC_IMPLICIT_RETAIN_SELF = YES;
				CLANG_WARN_OBJC_LITERAL_CONVERSION = YES;
				CLANG_WARN_OBJC_ROOT_CLASS = YES_ERROR;
				CLANG_WARN_QUOTED_INCLUDE_IN_FRAMEWORK_HEADER = YES;
				CLANG_WARN_RANGE_LOOP_ANALYSIS = YES;
				CLANG_WARN_STRICT_PROTOTYPES = YES;
				CLANG_WARN_SUSPICIOUS_MOVE = YES;
				CLANG_WARN_UNGUARDED_AVAILABILITY = YES_AGGRESSIVE;
				CLANG_WARN_UNREACHABLE_CODE = YES;
				CLANG_WARN__DUPLICATE_METHOD_MATCH = YES;
				COPY_PHASE_STRIP = NO;
				DEBUG_INFORMATION_FORMAT = "dwarf-with-dsym";
				ENABLE_NS_ASSERTIONS = NO;
				ENABLE_STRICT_OBJC_MSGSEND = YES;
				GCC_C_LANGUAGE_STANDARD = gnu11;
				GCC_NO_COMMON_BLOCKS = YES;
				GCC_WARN_64_TO_32_BIT_CONVERSION = YES;
				GCC_WARN_ABOUT_RETURN_TYPE = YES_ERROR;
				GCC_WARN_UNDECLARED_SELECTOR = YES;
				GCC_WARN_UNINITIALIZED_AUTOS = YES_AGGRESSIVE;
				GCC_WARN_UNUSED_FUNCTION = YES;
				GCC_WARN_UNUSED_VARIABLE = YES;
				IPHONEOS_DEPLOYMENT_TARGET = 14.0;
				MTL_ENABLE_DEBUG_INFO = NO;
				MTL_FAST_MATH = YES;
				SDKROOT = iphoneos;
				SWIFT_COMPILATION_MODE = wholemodule;
				SWIFT_OPTIMIZATION_LEVEL = "-O";
				VALIDATE_PRODUCT = YES;
			};
			name = Release;
		};
		5284A4582593B53F008E9400 /* Debug */ = {
			isa = XCBuildConfiguration;
			buildSettings = {
				ASSETCATALOG_COMPILER_APPICON_NAME = AppIcon;
				ASSETCATALOG_COMPILER_GLOBAL_ACCENT_COLOR_NAME = AccentColor;
				CODE_SIGN_STYLE = Automatic;
				DEVELOPMENT_TEAM = 3PTYV272Z4;
				INFOPLIST_FILE = SignupApp/Info.plist;
				IPHONEOS_DEPLOYMENT_TARGET = 14.0;
				LD_RUNPATH_SEARCH_PATHS = (
					"$(inherited)",
					"@executable_path/Frameworks",
				);
				PRODUCT_BUNDLE_IDENTIFIER = ua.com.kr.ssh.SignupApp;
				PRODUCT_NAME = "$(TARGET_NAME)";
				SWIFT_VERSION = 5.0;
				TARGETED_DEVICE_FAMILY = 1;
			};
			name = Debug;
		};
		5284A4592593B53F008E9400 /* Release */ = {
			isa = XCBuildConfiguration;
			buildSettings = {
				ASSETCATALOG_COMPILER_APPICON_NAME = AppIcon;
				ASSETCATALOG_COMPILER_GLOBAL_ACCENT_COLOR_NAME = AccentColor;
				CODE_SIGN_STYLE = Automatic;
				DEVELOPMENT_TEAM = 3PTYV272Z4;
				INFOPLIST_FILE = SignupApp/Info.plist;
				IPHONEOS_DEPLOYMENT_TARGET = 14.0;
				LD_RUNPATH_SEARCH_PATHS = (
					"$(inherited)",
					"@executable_path/Frameworks",
				);
				PRODUCT_BUNDLE_IDENTIFIER = ua.com.kr.ssh.SignupApp;
				PRODUCT_NAME = "$(TARGET_NAME)";
				SWIFT_VERSION = 5.0;
				TARGETED_DEVICE_FAMILY = 1;
			};
			name = Release;
		};
/* End XCBuildConfiguration section */

/* Begin XCConfigurationList section */
		5284A43E2593B53E008E9400 /* Build configuration list for PBXProject "SignupApp" */ = {
			isa = XCConfigurationList;
			buildConfigurations = (
				5284A4552593B53F008E9400 /* Debug */,
				5284A4562593B53F008E9400 /* Release */,
			);
			defaultConfigurationIsVisible = 0;
			defaultConfigurationName = Release;
		};
		5284A4572593B53F008E9400 /* Build configuration list for PBXNativeTarget "SignupApp" */ = {
			isa = XCConfigurationList;
			buildConfigurations = (
				5284A4582593B53F008E9400 /* Debug */,
				5284A4592593B53F008E9400 /* Release */,
			);
			defaultConfigurationIsVisible = 0;
			defaultConfigurationName = Release;
		};
/* End XCConfigurationList section */
	};
	rootObject = 5284A43B2593B53E008E9400 /* Project object */;
}
